
Microsoft Visual Studio Solution File, Format Version 12.00
# Visual Studio Version 17
VisualStudioVersion = 17.12.35527.113
MinimumVisualStudioVersion = 10.0.40219.1
Project("{FAE04EC0-301F-11D3-BF4B-00C04F79EFBC}") = "PetControlSystem.Data", "src\PetControlSystem.Data\PetControlSystem.Data.csproj", "{35BC53B8-8332-4153-8F4F-60FE064F5628}"
	ProjectSection(ProjectDependencies) = postProject
		{24B6DF7E-F815-4C73-8946-80D7DE794CBD} = {24B6DF7E-F815-4C73-8946-80D7DE794CBD}
	EndProjectSection
EndProject
Project("{FAE04EC0-301F-11D3-BF4B-00C04F79EFBC}") = "PetControlSystem.Domain", "src\PetControlSystem.Domain\PetControlSystem.Domain.csproj", "{24B6DF7E-F815-4C73-8946-80D7DE794CBD}"
EndProject
Project("{FAE04EC0-301F-11D3-BF4B-00C04F79EFBC}") = "PetControlSystem.Api", "src\PetControlSystem.Api\PetControlSystem.Api.csproj", "{CB5B3BD6-68F1-44DF-92E0-A184587B249F}"
EndProject
Global
	GlobalSection(SolutionConfigurationPlatforms) = preSolution
		Debug|Any CPU = Debug|Any CPU
		Release|Any CPU = Release|Any CPU
	EndGlobalSection
	GlobalSection(ProjectConfigurationPlatforms) = postSolution
		{35BC53B8-8332-4153-8F4F-60FE064F5628}.Debug|Any CPU.ActiveCfg = Debug|Any CPU
		{35BC53B8-8332-4153-8F4F-60FE064F5628}.Debug|Any CPU.Build.0 = Debug|Any CPU
		{35BC53B8-8332-4153-8F4F-60FE064F5628}.Release|Any CPU.ActiveCfg = Release|Any CPU
		{35BC53B8-8332-4153-8F4F-60FE064F5628}.Release|Any CPU.Build.0 = Release|Any CPU
		{24B6DF7E-F815-4C73-8946-80D7DE794CBD}.Debug|Any CPU.ActiveCfg = Debug|Any CPU
		{24B6DF7E-F815-4C73-8946-80D7DE794CBD}.Debug|Any CPU.Build.0 = Debug|Any CPU
		{24B6DF7E-F815-4C73-8946-80D7DE794CBD}.Release|Any CPU.ActiveCfg = Release|Any CPU
		{24B6DF7E-F815-4C73-8946-80D7DE794CBD}.Release|Any CPU.Build.0 = Release|Any CPU
		{CB5B3BD6-68F1-44DF-92E0-A184587B249F}.Debug|Any CPU.ActiveCfg = Debug|Any CPU
		{CB5B3BD6-68F1-44DF-92E0-A184587B249F}.Debug|Any CPU.Build.0 = Debug|Any CPU
		{CB5B3BD6-68F1-44DF-92E0-A184587B249F}.Release|Any CPU.ActiveCfg = Release|Any CPU
		{CB5B3BD6-68F1-44DF-92E0-A184587B249F}.Release|Any CPU.Build.0 = Release|Any CPU
	EndGlobalSection
	GlobalSection(SolutionProperties) = preSolution
		HideSolutionNode = FALSE
	EndGlobalSection
EndGlobal
